
Microsoft Visual Studio Solution File, Format Version 12.00
# Visual Studio 2013
VisualStudioVersion = 12.0.21005.1
MinimumVisualStudioVersion = 10.0.40219.1
Project("{FAE04EC0-301F-11D3-BF4B-00C04F79EFBC}") = "Serviciu", "ExempluCallback\Serviciu.csproj", "{D452648F-EDBF-44B3-8B08-B5F6AA209BF3}"
EndProject
Project("{FAE04EC0-301F-11D3-BF4B-00C04F79EFBC}") = "Server", "Server\Server.csproj", "{1A962AE7-8FC3-4919-9F7F-7EB450881D07}"
EndProject
Project("{FAE04EC0-301F-11D3-BF4B-00C04F79EFBC}") = "Client", "Client\Client.csproj", "{5DBADCE6-A8EE-490E-881B-2C82A2B628C3}"
EndProject
Project("{FAE04EC0-301F-11D3-BF4B-00C04F79EFBC}") = "Client2", "Client2\Client2.csproj", "{9D746215-9707-4933-AA14-9D638426082C}"
EndProject
Global
	GlobalSection(SolutionConfigurationPlatforms) = preSolution
		Debug|Any CPU = Debug|Any CPU
		Release|Any CPU = Release|Any CPU
	EndGlobalSection
	GlobalSection(ProjectConfigurationPlatforms) = postSolution
		{D452648F-EDBF-44B3-8B08-B5F6AA209BF3}.Debug|Any CPU.ActiveCfg = Debug|Any CPU
		{D452648F-EDBF-44B3-8B08-B5F6AA209BF3}.Debug|Any CPU.Build.0 = Debug|Any CPU
		{D452648F-EDBF-44B3-8B08-B5F6AA209BF3}.Release|Any CPU.ActiveCfg = Release|Any CPU
		{D452648F-EDBF-44B3-8B08-B5F6AA209BF3}.Release|Any CPU.Build.0 = Release|Any CPU
		{1A962AE7-8FC3-4919-9F7F-7EB450881D07}.Debug|Any CPU.ActiveCfg = Debug|Any CPU
		{1A962AE7-8FC3-4919-9F7F-7EB450881D07}.Debug|Any CPU.Build.0 = Debug|Any CPU
		{1A962AE7-8FC3-4919-9F7F-7EB450881D07}.Release|Any CPU.ActiveCfg = Release|Any CPU
		{1A962AE7-8FC3-4919-9F7F-7EB450881D07}.Release|Any CPU.Build.0 = Release|Any CPU
		{5DBADCE6-A8EE-490E-881B-2C82A2B628C3}.Debug|Any CPU.ActiveCfg = Debug|Any CPU
		{5DBADCE6-A8EE-490E-881B-2C82A2B628C3}.Debug|Any CPU.Build.0 = Debug|Any CPU
		{5DBADCE6-A8EE-490E-881B-2C82A2B628C3}.Release|Any CPU.ActiveCfg = Release|Any CPU
		{5DBADCE6-A8EE-490E-881B-2C82A2B628C3}.Release|Any CPU.Build.0 = Release|Any CPU
		{9D746215-9707-4933-AA14-9D638426082C}.Debug|Any CPU.ActiveCfg = Debug|Any CPU
		{9D746215-9707-4933-AA14-9D638426082C}.Debug|Any CPU.Build.0 = Debug|Any CPU
		{9D746215-9707-4933-AA14-9D638426082C}.Release|Any CPU.ActiveCfg = Release|Any CPU
		{9D746215-9707-4933-AA14-9D638426082C}.Release|Any CPU.Build.0 = Release|Any CPU
	EndGlobalSection
	GlobalSection(SolutionProperties) = preSolution
		HideSolutionNode = FALSE
	EndGlobalSection
EndGlobal
